// !$*UTF8*$!
{
	archiveVersion = 1;
	classes = {
	};
	objectVersion = 56;
	objects = {

/* Begin PBXBuildFile section */
		391DA6762CF5B0A6007DF9C8 /* Assets.xcassets in Resources */ = {isa = PBXBuildFile; fileRef = 391DA6752CF5B0A6007DF9C8 /* Assets.xcassets */; };
		391DA6832CF5B0A7007DF9C8 /* signaviTests.swift in Sources */ = {isa = PBXBuildFile; fileRef = 391DA6822CF5B0A7007DF9C8 /* signaviTests.swift */; };
		391DA68D2CF5B0A7007DF9C8 /* signaviUITests.swift in Sources */ = {isa = PBXBuildFile; fileRef = 391DA68C2CF5B0A7007DF9C8 /* signaviUITests.swift */; };
		391DA68F2CF5B0A7007DF9C8 /* signaviUITestsLaunchTests.swift in Sources */ = {isa = PBXBuildFile; fileRef = 391DA68E2CF5B0A7007DF9C8 /* signaviUITestsLaunchTests.swift */; };
		391DA69E2CF5B155007DF9C8 /* SceneDelegate.swift in Sources */ = {isa = PBXBuildFile; fileRef = 391DA69D2CF5B155007DF9C8 /* SceneDelegate.swift */; };
		391DA6A02CF5B15B007DF9C8 /* ViewController.swift in Sources */ = {isa = PBXBuildFile; fileRef = 391DA69F2CF5B15B007DF9C8 /* ViewController.swift */; };
		391DA6A22CF5B1D9007DF9C8 /* AppDelegate.swift in Sources */ = {isa = PBXBuildFile; fileRef = 391DA6A12CF5B1D9007DF9C8 /* AppDelegate.swift */; };
		394176E32CFFD9B70006F62D /* yolov8n.mlpackage in Sources */ = {isa = PBXBuildFile; fileRef = 394176E22CFFD9B70006F62D /* yolov8n.mlpackage */; };
		39A813092CF6280E004356E5 /* Main.storyboard in Resources */ = {isa = PBXBuildFile; fileRef = 39A813082CF6280E004356E5 /* Main.storyboard */; };
		39A8130B2CF62816004356E5 /* LaunchScreen.storyboard in Resources */ = {isa = PBXBuildFile; fileRef = 39A8130A2CF62816004356E5 /* LaunchScreen.storyboard */; };
		39A813152CF62FD4004356E5 /* best_640.mlpackage in Sources */ = {isa = PBXBuildFile; fileRef = 39A813142CF62FD4004356E5 /* best_640.mlpackage */; };
		39A813172CF6300D004356E5 /* soundplayer.swift in Sources */ = {isa = PBXBuildFile; fileRef = 39A813162CF6300D004356E5 /* soundplayer.swift */; };
		39A8131B2CF788D3004356E5 /* yolo11m_speed_limit_40.mlpackage in Sources */ = {isa = PBXBuildFile; fileRef = 39A8131A2CF788D3004356E5 /* yolo11m_speed_limit_40.mlpackage */; };
		ED62169C2CFBE9AE0074162D /* CameraManager.swift in Sources */ = {isa = PBXBuildFile; fileRef = ED62169B2CFBE9A10074162D /* CameraManager.swift */; };
		ED62169E2CFC2CE20074162D /* ObjectDetector.swift in Sources */ = {isa = PBXBuildFile; fileRef = ED62169D2CFC2CDA0074162D /* ObjectDetector.swift */; };
		ED6216A02CFC32C30074162D /* DetectionDrawer.swift in Sources */ = {isa = PBXBuildFile; fileRef = ED62169F2CFC32B50074162D /* DetectionDrawer.swift */; };
		ED6216A22CFC47D30074162D /* Dtection.swift in Sources */ = {isa = PBXBuildFile; fileRef = ED6216A12CFC47D00074162D /* Dtection.swift */; };
		EDEA53332CFDFEE80054A58D /* yolo11n.mlpackage in Sources */ = {isa = PBXBuildFile; fileRef = EDEA53322CFDFEE80054A58D /* yolo11n.mlpackage */; };
/* End PBXBuildFile section */

/* Begin PBXContainerItemProxy section */
		391DA67F2CF5B0A7007DF9C8 /* PBXContainerItemProxy */ = {
			isa = PBXContainerItemProxy;
			containerPortal = 391DA6662CF5B0A4007DF9C8 /* Project object */;
			proxyType = 1;
			remoteGlobalIDString = 391DA66D2CF5B0A4007DF9C8;
			remoteInfo = signavi;
		};
		391DA6892CF5B0A7007DF9C8 /* PBXContainerItemProxy */ = {
			isa = PBXContainerItemProxy;
			containerPortal = 391DA6662CF5B0A4007DF9C8 /* Project object */;
			proxyType = 1;
			remoteGlobalIDString = 391DA66D2CF5B0A4007DF9C8;
			remoteInfo = signavi;
		};
/* End PBXContainerItemProxy section */

/* Begin PBXFileReference section */
		391DA66E2CF5B0A4007DF9C8 /* signavi.app */ = {isa = PBXFileReference; explicitFileType = wrapper.application; includeInIndex = 0; path = signavi.app; sourceTree = BUILT_PRODUCTS_DIR; };
		391DA6752CF5B0A6007DF9C8 /* Assets.xcassets */ = {isa = PBXFileReference; lastKnownFileType = folder.assetcatalog; path = Assets.xcassets; sourceTree = "<group>"; };
		391DA67E2CF5B0A7007DF9C8 /* signaviTests.xctest */ = {isa = PBXFileReference; explicitFileType = wrapper.cfbundle; includeInIndex = 0; path = signaviTests.xctest; sourceTree = BUILT_PRODUCTS_DIR; };
		391DA6822CF5B0A7007DF9C8 /* signaviTests.swift */ = {isa = PBXFileReference; lastKnownFileType = sourcecode.swift; path = signaviTests.swift; sourceTree = "<group>"; };
		391DA6882CF5B0A7007DF9C8 /* signaviUITests.xctest */ = {isa = PBXFileReference; explicitFileType = wrapper.cfbundle; includeInIndex = 0; path = signaviUITests.xctest; sourceTree = BUILT_PRODUCTS_DIR; };
		391DA68C2CF5B0A7007DF9C8 /* signaviUITests.swift */ = {isa = PBXFileReference; lastKnownFileType = sourcecode.swift; path = signaviUITests.swift; sourceTree = "<group>"; };
		391DA68E2CF5B0A7007DF9C8 /* signaviUITestsLaunchTests.swift */ = {isa = PBXFileReference; lastKnownFileType = sourcecode.swift; path = signaviUITestsLaunchTests.swift; sourceTree = "<group>"; };
		391DA69D2CF5B155007DF9C8 /* SceneDelegate.swift */ = {isa = PBXFileReference; fileEncoding = 4; lastKnownFileType = sourcecode.swift; path = SceneDelegate.swift; sourceTree = "<group>"; };
		391DA69F2CF5B15B007DF9C8 /* ViewController.swift */ = {isa = PBXFileReference; fileEncoding = 4; lastKnownFileType = sourcecode.swift; path = ViewController.swift; sourceTree = "<group>"; };
		391DA6A12CF5B1D9007DF9C8 /* AppDelegate.swift */ = {isa = PBXFileReference; lastKnownFileType = sourcecode.swift; path = AppDelegate.swift; sourceTree = "<group>"; };
		394176E22CFFD9B70006F62D /* yolov8n.mlpackage */ = {isa = PBXFileReference; lastKnownFileType = folder.mlpackage; path = yolov8n.mlpackage; sourceTree = "<group>"; };
		39A813042CF624BA004356E5 /* Info.plist */ = {isa = PBXFileReference; fileEncoding = 4; lastKnownFileType = text.plist.xml; path = Info.plist; sourceTree = "<group>"; };
		39A813082CF6280E004356E5 /* Main.storyboard */ = {isa = PBXFileReference; fileEncoding = 4; lastKnownFileType = file.storyboard; path = Main.storyboard; sourceTree = "<group>"; };
		39A8130A2CF62816004356E5 /* LaunchScreen.storyboard */ = {isa = PBXFileReference; fileEncoding = 4; lastKnownFileType = file.storyboard; path = LaunchScreen.storyboard; sourceTree = "<group>"; };
		39A813142CF62FD4004356E5 /* best_640.mlpackage */ = {isa = PBXFileReference; lastKnownFileType = folder.mlpackage; path = best_640.mlpackage; sourceTree = "<group>"; };
		39A813162CF6300D004356E5 /* soundplayer.swift */ = {isa = PBXFileReference; fileEncoding = 4; lastKnownFileType = sourcecode.swift; path = soundplayer.swift; sourceTree = "<group>"; };
		39A8131A2CF788D3004356E5 /* yolo11m_speed_limit_40.mlpackage */ = {isa = PBXFileReference; lastKnownFileType = folder.mlpackage; path = yolo11m_speed_limit_40.mlpackage; sourceTree = "<group>"; };
		ED62169B2CFBE9A10074162D /* CameraManager.swift */ = {isa = PBXFileReference; lastKnownFileType = sourcecode.swift; path = CameraManager.swift; sourceTree = "<group>"; };
		ED62169D2CFC2CDA0074162D /* ObjectDetector.swift */ = {isa = PBXFileReference; lastKnownFileType = sourcecode.swift; path = ObjectDetector.swift; sourceTree = "<group>"; };
		ED62169F2CFC32B50074162D /* DetectionDrawer.swift */ = {isa = PBXFileReference; lastKnownFileType = sourcecode.swift; path = DetectionDrawer.swift; sourceTree = "<group>"; };
		ED6216A12CFC47D00074162D /* Dtection.swift */ = {isa = PBXFileReference; lastKnownFileType = sourcecode.swift; path = Dtection.swift; sourceTree = "<group>"; };
		EDEA53322CFDFEE80054A58D /* yolo11n.mlpackage */ = {isa = PBXFileReference; lastKnownFileType = folder.mlpackage; path = yolo11n.mlpackage; sourceTree = "<group>"; };
/* End PBXFileReference section */

/* Begin PBXFrameworksBuildPhase section */
		391DA66B2CF5B0A4007DF9C8 /* Frameworks */ = {
			isa = PBXFrameworksBuildPhase;
			buildActionMask = 2147483647;
			files = (
			);
			runOnlyForDeploymentPostprocessing = 0;
		};
		391DA67B2CF5B0A7007DF9C8 /* Frameworks */ = {
			isa = PBXFrameworksBuildPhase;
			buildActionMask = 2147483647;
			files = (
			);
			runOnlyForDeploymentPostprocessing = 0;
		};
		391DA6852CF5B0A7007DF9C8 /* Frameworks */ = {
			isa = PBXFrameworksBuildPhase;
			buildActionMask = 2147483647;
			files = (
			);
			runOnlyForDeploymentPostprocessing = 0;
		};
/* End PBXFrameworksBuildPhase section */

/* Begin PBXGroup section */
		391DA6652CF5B0A4007DF9C8 = {
			isa = PBXGroup;
			children = (
				391DA6702CF5B0A4007DF9C8 /* signavi */,
				391DA6812CF5B0A7007DF9C8 /* signaviTests */,
				391DA68B2CF5B0A7007DF9C8 /* signaviUITests */,
				391DA66F2CF5B0A4007DF9C8 /* Products */,
			);
			sourceTree = "<group>";
		};
		391DA66F2CF5B0A4007DF9C8 /* Products */ = {
			isa = PBXGroup;
			children = (
				391DA66E2CF5B0A4007DF9C8 /* signavi.app */,
				391DA67E2CF5B0A7007DF9C8 /* signaviTests.xctest */,
				391DA6882CF5B0A7007DF9C8 /* signaviUITests.xctest */,
			);
			name = Products;
			sourceTree = "<group>";
		};
		391DA6702CF5B0A4007DF9C8 /* signavi */ = {
			isa = PBXGroup;
			children = (
				39A8131A2CF788D3004356E5 /* yolo11m_speed_limit_40.mlpackage */,
				39A813142CF62FD4004356E5 /* best_640.mlpackage */,
				EDEA53322CFDFEE80054A58D /* yolo11n.mlpackage */,
				394176E22CFFD9B70006F62D /* yolov8n.mlpackage */,
				39A813042CF624BA004356E5 /* Info.plist */,
				391DA6A12CF5B1D9007DF9C8 /* AppDelegate.swift */,
				391DA69D2CF5B155007DF9C8 /* SceneDelegate.swift */,
				ED62169B2CFBE9A10074162D /* CameraManager.swift */,
				391DA69F2CF5B15B007DF9C8 /* ViewController.swift */,
				ED62169D2CFC2CDA0074162D /* ObjectDetector.swift */,
				ED62169F2CFC32B50074162D /* DetectionDrawer.swift */,
				39A813162CF6300D004356E5 /* soundplayer.swift */,
				ED6216A12CFC47D00074162D /* Dtection.swift */,
				391DA6752CF5B0A6007DF9C8 /* Assets.xcassets */,
				39A813082CF6280E004356E5 /* Main.storyboard */,
				39A8130A2CF62816004356E5 /* LaunchScreen.storyboard */,
			);
			path = signavi;
			sourceTree = "<group>";
		};
		391DA6812CF5B0A7007DF9C8 /* signaviTests */ = {
			isa = PBXGroup;
			children = (
				391DA6822CF5B0A7007DF9C8 /* signaviTests.swift */,
			);
			path = signaviTests;
			sourceTree = "<group>";
		};
		391DA68B2CF5B0A7007DF9C8 /* signaviUITests */ = {
			isa = PBXGroup;
			children = (
				391DA68C2CF5B0A7007DF9C8 /* signaviUITests.swift */,
				391DA68E2CF5B0A7007DF9C8 /* signaviUITestsLaunchTests.swift */,
			);
			path = signaviUITests;
			sourceTree = "<group>";
		};
/* End PBXGroup section */

/* Begin PBXNativeTarget section */
		391DA66D2CF5B0A4007DF9C8 /* signavi */ = {
			isa = PBXNativeTarget;
			buildConfigurationList = 391DA6922CF5B0A7007DF9C8 /* Build configuration list for PBXNativeTarget "signavi" */;
			buildPhases = (
				391DA66A2CF5B0A4007DF9C8 /* Sources */,
				391DA66B2CF5B0A4007DF9C8 /* Frameworks */,
				391DA66C2CF5B0A4007DF9C8 /* Resources */,
			);
			buildRules = (
			);
			dependencies = (
			);
			name = signavi;
			productName = signavi;
			productReference = 391DA66E2CF5B0A4007DF9C8 /* signavi.app */;
			productType = "com.apple.product-type.application";
		};
		391DA67D2CF5B0A7007DF9C8 /* signaviTests */ = {
			isa = PBXNativeTarget;
			buildConfigurationList = 391DA6952CF5B0A7007DF9C8 /* Build configuration list for PBXNativeTarget "signaviTests" */;
			buildPhases = (
				391DA67A2CF5B0A7007DF9C8 /* Sources */,
				391DA67B2CF5B0A7007DF9C8 /* Frameworks */,
				391DA67C2CF5B0A7007DF9C8 /* Resources */,
			);
			buildRules = (
			);
			dependencies = (
				391DA6802CF5B0A7007DF9C8 /* PBXTargetDependency */,
			);
			name = signaviTests;
			productName = signaviTests;
			productReference = 391DA67E2CF5B0A7007DF9C8 /* signaviTests.xctest */;
			productType = "com.apple.product-type.bundle.unit-test";
		};
		391DA6872CF5B0A7007DF9C8 /* signaviUITests */ = {
			isa = PBXNativeTarget;
			buildConfigurationList = 391DA6982CF5B0A7007DF9C8 /* Build configuration list for PBXNativeTarget "signaviUITests" */;
			buildPhases = (
				391DA6842CF5B0A7007DF9C8 /* Sources */,
				391DA6852CF5B0A7007DF9C8 /* Frameworks */,
				391DA6862CF5B0A7007DF9C8 /* Resources */,
			);
			buildRules = (
			);
			dependencies = (
				391DA68A2CF5B0A7007DF9C8 /* PBXTargetDependency */,
			);
			name = signaviUITests;
			productName = signaviUITests;
			productReference = 391DA6882CF5B0A7007DF9C8 /* signaviUITests.xctest */;
			productType = "com.apple.product-type.bundle.ui-testing";
		};
/* End PBXNativeTarget section */

/* Begin PBXProject section */
		391DA6662CF5B0A4007DF9C8 /* Project object */ = {
			isa = PBXProject;
			attributes = {
				BuildIndependentTargetsInParallel = 1;
				LastSwiftUpdateCheck = 1540;
				LastUpgradeCheck = 1610;
				TargetAttributes = {
					391DA66D2CF5B0A4007DF9C8 = {
						CreatedOnToolsVersion = 15.4;
					};
					391DA67D2CF5B0A7007DF9C8 = {
						CreatedOnToolsVersion = 15.4;
						TestTargetID = 391DA66D2CF5B0A4007DF9C8;
					};
					391DA6872CF5B0A7007DF9C8 = {
						CreatedOnToolsVersion = 15.4;
						TestTargetID = 391DA66D2CF5B0A4007DF9C8;
					};
				};
			};
			buildConfigurationList = 391DA6692CF5B0A4007DF9C8 /* Build configuration list for PBXProject "signavi" */;
			compatibilityVersion = "Xcode 14.0";
			developmentRegion = en;
			hasScannedForEncodings = 0;
			knownRegions = (
				en,
				ja,
				Base,
			);
			mainGroup = 391DA6652CF5B0A4007DF9C8;
			productRefGroup = 391DA66F2CF5B0A4007DF9C8 /* Products */;
			projectDirPath = "";
			projectRoot = "";
			targets = (
				391DA66D2CF5B0A4007DF9C8 /* signavi */,
				391DA67D2CF5B0A7007DF9C8 /* signaviTests */,
				391DA6872CF5B0A7007DF9C8 /* signaviUITests */,
			);
		};
/* End PBXProject section */

/* Begin PBXResourcesBuildPhase section */
		391DA66C2CF5B0A4007DF9C8 /* Resources */ = {
			isa = PBXResourcesBuildPhase;
			buildActionMask = 2147483647;
			files = (
				39A8130B2CF62816004356E5 /* LaunchScreen.storyboard in Resources */,
				391DA6762CF5B0A6007DF9C8 /* Assets.xcassets in Resources */,
				39A813092CF6280E004356E5 /* Main.storyboard in Resources */,
			);
			runOnlyForDeploymentPostprocessing = 0;
		};
		391DA67C2CF5B0A7007DF9C8 /* Resources */ = {
			isa = PBXResourcesBuildPhase;
			buildActionMask = 2147483647;
			files = (
			);
			runOnlyForDeploymentPostprocessing = 0;
		};
		391DA6862CF5B0A7007DF9C8 /* Resources */ = {
			isa = PBXResourcesBuildPhase;
			buildActionMask = 2147483647;
			files = (
			);
			runOnlyForDeploymentPostprocessing = 0;
		};
/* End PBXResourcesBuildPhase section */

/* Begin PBXSourcesBuildPhase section */
		391DA66A2CF5B0A4007DF9C8 /* Sources */ = {
			isa = PBXSourcesBuildPhase;
			buildActionMask = 2147483647;
			files = (
				ED62169E2CFC2CE20074162D /* ObjectDetector.swift in Sources */,
				ED6216A02CFC32C30074162D /* DetectionDrawer.swift in Sources */,
				39A8131B2CF788D3004356E5 /* yolo11m_speed_limit_40.mlpackage in Sources */,
				ED6216A22CFC47D30074162D /* Dtection.swift in Sources */,
				ED62169C2CFBE9AE0074162D /* CameraManager.swift in Sources */,
				39A813152CF62FD4004356E5 /* best_640.mlpackage in Sources */,
				39A813172CF6300D004356E5 /* soundplayer.swift in Sources */,
				394176E32CFFD9B70006F62D /* yolov8n.mlpackage in Sources */,
				391DA6A02CF5B15B007DF9C8 /* ViewController.swift in Sources */,
				EDEA53332CFDFEE80054A58D /* yolo11n.mlpackage in Sources */,
				391DA6A22CF5B1D9007DF9C8 /* AppDelegate.swift in Sources */,
				391DA69E2CF5B155007DF9C8 /* SceneDelegate.swift in Sources */,
			);
			runOnlyForDeploymentPostprocessing = 0;
		};
		391DA67A2CF5B0A7007DF9C8 /* Sources */ = {
			isa = PBXSourcesBuildPhase;
			buildActionMask = 2147483647;
			files = (
				391DA6832CF5B0A7007DF9C8 /* signaviTests.swift in Sources */,
			);
			runOnlyForDeploymentPostprocessing = 0;
		};
		391DA6842CF5B0A7007DF9C8 /* Sources */ = {
			isa = PBXSourcesBuildPhase;
			buildActionMask = 2147483647;
			files = (
				391DA68F2CF5B0A7007DF9C8 /* signaviUITestsLaunchTests.swift in Sources */,
				391DA68D2CF5B0A7007DF9C8 /* signaviUITests.swift in Sources */,
			);
			runOnlyForDeploymentPostprocessing = 0;
		};
/* End PBXSourcesBuildPhase section */

/* Begin PBXTargetDependency section */
		391DA6802CF5B0A7007DF9C8 /* PBXTargetDependency */ = {
			isa = PBXTargetDependency;
			target = 391DA66D2CF5B0A4007DF9C8 /* signavi */;
			targetProxy = 391DA67F2CF5B0A7007DF9C8 /* PBXContainerItemProxy */;
		};
		391DA68A2CF5B0A7007DF9C8 /* PBXTargetDependency */ = {
			isa = PBXTargetDependency;
			target = 391DA66D2CF5B0A4007DF9C8 /* signavi */;
			targetProxy = 391DA6892CF5B0A7007DF9C8 /* PBXContainerItemProxy */;
		};
/* End PBXTargetDependency section */

/* Begin XCBuildConfiguration section */
		391DA6902CF5B0A7007DF9C8 /* Debug */ = {
			isa = XCBuildConfiguration;
			buildSettings = {
				ALWAYS_SEARCH_USER_PATHS = NO;
				ASSETCATALOG_COMPILER_GENERATE_SWIFT_ASSET_SYMBOL_EXTENSIONS = YES;
				CLANG_ANALYZER_LOCALIZABILITY_NONLOCALIZED = YES;
				CLANG_ANALYZER_NONNULL = YES;
				CLANG_ANALYZER_NUMBER_OBJECT_CONVERSION = YES_AGGRESSIVE;
				CLANG_CXX_LANGUAGE_STANDARD = "gnu++20";
				CLANG_ENABLE_MODULES = YES;
				CLANG_ENABLE_OBJC_ARC = YES;
				CLANG_ENABLE_OBJC_WEAK = YES;
				CLANG_WARN_BLOCK_CAPTURE_AUTORELEASING = YES;
				CLANG_WARN_BOOL_CONVERSION = YES;
				CLANG_WARN_COMMA = YES;
				CLANG_WARN_CONSTANT_CONVERSION = YES;
				CLANG_WARN_DEPRECATED_OBJC_IMPLEMENTATIONS = YES;
				CLANG_WARN_DIRECT_OBJC_ISA_USAGE = YES_ERROR;
				CLANG_WARN_DOCUMENTATION_COMMENTS = YES;
				CLANG_WARN_EMPTY_BODY = YES;
				CLANG_WARN_ENUM_CONVERSION = YES;
				CLANG_WARN_INFINITE_RECURSION = YES;
				CLANG_WARN_INT_CONVERSION = YES;
				CLANG_WARN_NON_LITERAL_NULL_CONVERSION = YES;
				CLANG_WARN_OBJC_IMPLICIT_RETAIN_SELF = YES;
				CLANG_WARN_OBJC_LITERAL_CONVERSION = YES;
				CLANG_WARN_OBJC_ROOT_CLASS = YES_ERROR;
				CLANG_WARN_QUOTED_INCLUDE_IN_FRAMEWORK_HEADER = YES;
				CLANG_WARN_RANGE_LOOP_ANALYSIS = YES;
				CLANG_WARN_STRICT_PROTOTYPES = YES;
				CLANG_WARN_SUSPICIOUS_MOVE = YES;
				CLANG_WARN_UNGUARDED_AVAILABILITY = YES_AGGRESSIVE;
				CLANG_WARN_UNREACHABLE_CODE = YES;
				CLANG_WARN__DUPLICATE_METHOD_MATCH = YES;
				COPY_PHASE_STRIP = NO;
				DEBUG_INFORMATION_FORMAT = dwarf;
				ENABLE_STRICT_OBJC_MSGSEND = YES;
				ENABLE_TESTABILITY = YES;
				ENABLE_USER_SCRIPT_SANDBOXING = YES;
				GCC_C_LANGUAGE_STANDARD = gnu17;
				GCC_DYNAMIC_NO_PIC = NO;
				GCC_NO_COMMON_BLOCKS = YES;
				GCC_OPTIMIZATION_LEVEL = 0;
				GCC_PREPROCESSOR_DEFINITIONS = (
					"DEBUG=1",
					"$(inherited)",
				);
				GCC_WARN_64_TO_32_BIT_CONVERSION = YES;
				GCC_WARN_ABOUT_RETURN_TYPE = YES_ERROR;
				GCC_WARN_UNDECLARED_SELECTOR = YES;
				GCC_WARN_UNINITIALIZED_AUTOS = YES_AGGRESSIVE;
				GCC_WARN_UNUSED_FUNCTION = YES;
				GCC_WARN_UNUSED_VARIABLE = YES;
				IPHONEOS_DEPLOYMENT_TARGET = 16.4;
				LOCALIZATION_PREFERS_STRING_CATALOGS = YES;
				MTL_ENABLE_DEBUG_INFO = INCLUDE_SOURCE;
				MTL_FAST_MATH = YES;
				ONLY_ACTIVE_ARCH = YES;
				SDKROOT = iphoneos;
				SWIFT_ACTIVE_COMPILATION_CONDITIONS = "DEBUG $(inherited)";
				SWIFT_OPTIMIZATION_LEVEL = "-Onone";
			};
			name = Debug;
		};
		391DA6912CF5B0A7007DF9C8 /* Release */ = {
			isa = XCBuildConfiguration;
			buildSettings = {
				ALWAYS_SEARCH_USER_PATHS = NO;
				ASSETCATALOG_COMPILER_GENERATE_SWIFT_ASSET_SYMBOL_EXTENSIONS = YES;
				CLANG_ANALYZER_LOCALIZABILITY_NONLOCALIZED = YES;
				CLANG_ANALYZER_NONNULL = YES;
				CLANG_ANALYZER_NUMBER_OBJECT_CONVERSION = YES_AGGRESSIVE;
				CLANG_CXX_LANGUAGE_STANDARD = "gnu++20";
				CLANG_ENABLE_MODULES = YES;
				CLANG_ENABLE_OBJC_ARC = YES;
				CLANG_ENABLE_OBJC_WEAK = YES;
				CLANG_WARN_BLOCK_CAPTURE_AUTORELEASING = YES;
				CLANG_WARN_BOOL_CONVERSION = YES;
				CLANG_WARN_COMMA = YES;
				CLANG_WARN_CONSTANT_CONVERSION = YES;
				CLANG_WARN_DEPRECATED_OBJC_IMPLEMENTATIONS = YES;
				CLANG_WARN_DIRECT_OBJC_ISA_USAGE = YES_ERROR;
				CLANG_WARN_DOCUMENTATION_COMMENTS = YES;
				CLANG_WARN_EMPTY_BODY = YES;
				CLANG_WARN_ENUM_CONVERSION = YES;
				CLANG_WARN_INFINITE_RECURSION = YES;
				CLANG_WARN_INT_CONVERSION = YES;
				CLANG_WARN_NON_LITERAL_NULL_CONVERSION = YES;
				CLANG_WARN_OBJC_IMPLICIT_RETAIN_SELF = YES;
				CLANG_WARN_OBJC_LITERAL_CONVERSION = YES;
				CLANG_WARN_OBJC_ROOT_CLASS = YES_ERROR;
				CLANG_WARN_QUOTED_INCLUDE_IN_FRAMEWORK_HEADER = YES;
				CLANG_WARN_RANGE_LOOP_ANALYSIS = YES;
				CLANG_WARN_STRICT_PROTOTYPES = YES;
				CLANG_WARN_SUSPICIOUS_MOVE = YES;
				CLANG_WARN_UNGUARDED_AVAILABILITY = YES_AGGRESSIVE;
				CLANG_WARN_UNREACHABLE_CODE = YES;
				CLANG_WARN__DUPLICATE_METHOD_MATCH = YES;
				COPY_PHASE_STRIP = NO;
				DEBUG_INFORMATION_FORMAT = "dwarf-with-dsym";
				ENABLE_NS_ASSERTIONS = NO;
				ENABLE_STRICT_OBJC_MSGSEND = YES;
				ENABLE_USER_SCRIPT_SANDBOXING = YES;
				GCC_C_LANGUAGE_STANDARD = gnu17;
				GCC_NO_COMMON_BLOCKS = YES;
				GCC_WARN_64_TO_32_BIT_CONVERSION = YES;
				GCC_WARN_ABOUT_RETURN_TYPE = YES_ERROR;
				GCC_WARN_UNDECLARED_SELECTOR = YES;
				GCC_WARN_UNINITIALIZED_AUTOS = YES_AGGRESSIVE;
				GCC_WARN_UNUSED_FUNCTION = YES;
				GCC_WARN_UNUSED_VARIABLE = YES;
				IPHONEOS_DEPLOYMENT_TARGET = 16.4;
				LOCALIZATION_PREFERS_STRING_CATALOGS = YES;
				MTL_ENABLE_DEBUG_INFO = NO;
				MTL_FAST_MATH = YES;
				SDKROOT = iphoneos;
				SWIFT_COMPILATION_MODE = wholemodule;
				VALIDATE_PRODUCT = YES;
			};
			name = Release;
		};
		391DA6932CF5B0A7007DF9C8 /* Debug */ = {
			isa = XCBuildConfiguration;
			buildSettings = {
				ASSETCATALOG_COMPILER_APPICON_NAME = AppIcon;
				ASSETCATALOG_COMPILER_GLOBAL_ACCENT_COLOR_NAME = AccentColor;
				CODE_SIGN_STYLE = Automatic;
				CURRENT_PROJECT_VERSION = 1;
				DEVELOPMENT_ASSET_PATHS = "";
				DEVELOPMENT_TEAM = MC7CLNYXK7;
				ENABLE_PREVIEWS = YES;
				GENERATE_INFOPLIST_FILE = YES;
				INFOPLIST_FILE = signavi/Info.plist;
				INFOPLIST_KEY_NSCameraUsageDescription = "";
				INFOPLIST_KEY_UIApplicationSupportsIndirectInputEvents = YES;
				INFOPLIST_KEY_UILaunchStoryboardName = LaunchScreen;
				INFOPLIST_KEY_UIMainStoryboardFile = Main;
				INFOPLIST_KEY_UISupportedInterfaceOrientations_iPad = "UIInterfaceOrientationPortrait UIInterfaceOrientationPortraitUpsideDown UIInterfaceOrientationLandscapeLeft UIInterfaceOrientationLandscapeRight";
				INFOPLIST_KEY_UISupportedInterfaceOrientations_iPhone = "UIInterfaceOrientationPortrait UIInterfaceOrientationLandscapeLeft UIInterfaceOrientationLandscapeRight";
				IPHONEOS_DEPLOYMENT_TARGET = 16.4;
				LD_RUNPATH_SEARCH_PATHS = (
					"$(inherited)",
					"@executable_path/Frameworks",
				);
				MARKETING_VERSION = 1.0;
				PRODUCT_BUNDLE_IDENTIFIER = com.ryukyu.signavi;
				PRODUCT_NAME = "$(TARGET_NAME)";
				SWIFT_EMIT_LOC_STRINGS = YES;
				SWIFT_VERSION = 5.0;
				TARGETED_DEVICE_FAMILY = "1,2";
			};
			name = Debug;
		};
		391DA6942CF5B0A7007DF9C8 /* Release */ = {
			isa = XCBuildConfiguration;
			buildSettings = {
				ASSETCATALOG_COMPILER_APPICON_NAME = AppIcon;
				ASSETCATALOG_COMPILER_GLOBAL_ACCENT_COLOR_NAME = AccentColor;
				CODE_SIGN_STYLE = Automatic;
				CURRENT_PROJECT_VERSION = 1;
				DEVELOPMENT_ASSET_PATHS = "";
				DEVELOPMENT_TEAM = MC7CLNYXK7;
				ENABLE_PREVIEWS = YES;
				GENERATE_INFOPLIST_FILE = YES;
				INFOPLIST_FILE = signavi/Info.plist;
				INFOPLIST_KEY_NSCameraUsageDescription = "";
				INFOPLIST_KEY_UIApplicationSupportsIndirectInputEvents = YES;
				INFOPLIST_KEY_UILaunchStoryboardName = LaunchScreen;
				INFOPLIST_KEY_UIMainStoryboardFile = Main;
				INFOPLIST_KEY_UISupportedInterfaceOrientations_iPad = "UIInterfaceOrientationPortrait UIInterfaceOrientationPortraitUpsideDown UIInterfaceOrientationLandscapeLeft UIInterfaceOrientationLandscapeRight";
				INFOPLIST_KEY_UISupportedInterfaceOrientations_iPhone = "UIInterfaceOrientationPortrait UIInterfaceOrientationLandscapeLeft UIInterfaceOrientationLandscapeRight";
				IPHONEOS_DEPLOYMENT_TARGET = 16.4;
				LD_RUNPATH_SEARCH_PATHS = (
					"$(inherited)",
					"@executable_path/Frameworks",
				);
				MARKETING_VERSION = 1.0;
				PRODUCT_BUNDLE_IDENTIFIER = com.ryukyu.signavi;
				PRODUCT_NAME = "$(TARGET_NAME)";
				SWIFT_EMIT_LOC_STRINGS = YES;
				SWIFT_VERSION = 5.0;
				TARGETED_DEVICE_FAMILY = "1,2";
			};
			name = Release;
		};
		391DA6962CF5B0A7007DF9C8 /* Debug */ = {
			isa = XCBuildConfiguration;
			buildSettings = {
				BUNDLE_LOADER = "$(TEST_HOST)";
				CODE_SIGN_STYLE = Automatic;
				CURRENT_PROJECT_VERSION = 1;
				DEVELOPMENT_TEAM = MC7CLNYXK7;
				GENERATE_INFOPLIST_FILE = YES;
				IPHONEOS_DEPLOYMENT_TARGET = 17.5;
				MARKETING_VERSION = 1.0;
				PRODUCT_BUNDLE_IDENTIFIER = "rm3.signavi-appTests";
				PRODUCT_NAME = "$(TARGET_NAME)";
				SWIFT_EMIT_LOC_STRINGS = NO;
				SWIFT_VERSION = 5.0;
				TARGETED_DEVICE_FAMILY = "1,2";
				TEST_HOST = "$(BUILT_PRODUCTS_DIR)/signavi.app/$(BUNDLE_EXECUTABLE_FOLDER_PATH)/signavi";
			};
			name = Debug;
		};
		391DA6972CF5B0A7007DF9C8 /* Release */ = {
			isa = XCBuildConfiguration;
			buildSettings = {
				BUNDLE_LOADER = "$(TEST_HOST)";
				CODE_SIGN_STYLE = Automatic;
				CURRENT_PROJECT_VERSION = 1;
				DEVELOPMENT_TEAM = MC7CLNYXK7;
				GENERATE_INFOPLIST_FILE = YES;
				IPHONEOS_DEPLOYMENT_TARGET = 17.5;
				MARKETING_VERSION = 1.0;
				PRODUCT_BUNDLE_IDENTIFIER = "rm3.signavi-appTests";
				PRODUCT_NAME = "$(TARGET_NAME)";
				SWIFT_EMIT_LOC_STRINGS = NO;
				SWIFT_VERSION = 5.0;
				TARGETED_DEVICE_FAMILY = "1,2";
				TEST_HOST = "$(BUILT_PRODUCTS_DIR)/signavi.app/$(BUNDLE_EXECUTABLE_FOLDER_PATH)/signavi";
			};
			name = Release;
		};
		391DA6992CF5B0A7007DF9C8 /* Debug */ = {
			isa = XCBuildConfiguration;
			buildSettings = {
				CODE_SIGN_STYLE = Automatic;
				CURRENT_PROJECT_VERSION = 1;
				DEVELOPMENT_TEAM = MC7CLNYXK7;
				GENERATE_INFOPLIST_FILE = YES;
				MARKETING_VERSION = 1.0;
				PRODUCT_BUNDLE_IDENTIFIER = "rm3.signavi-appUITests";
				PRODUCT_NAME = "$(TARGET_NAME)";
				SWIFT_EMIT_LOC_STRINGS = NO;
				SWIFT_VERSION = 5.0;
				TARGETED_DEVICE_FAMILY = "1,2";
				TEST_TARGET_NAME = signavi;
			};
			name = Debug;
		};
		391DA69A2CF5B0A7007DF9C8 /* Release */ = {
			isa = XCBuildConfiguration;
			buildSettings = {
				CODE_SIGN_STYLE = Automatic;
				CURRENT_PROJECT_VERSION = 1;
				DEVELOPMENT_TEAM = MC7CLNYXK7;
				GENERATE_INFOPLIST_FILE = YES;
				MARKETING_VERSION = 1.0;
				PRODUCT_BUNDLE_IDENTIFIER = "rm3.signavi-appUITests";
				PRODUCT_NAME = "$(TARGET_NAME)";
				SWIFT_EMIT_LOC_STRINGS = NO;
				SWIFT_VERSION = 5.0;
				TARGETED_DEVICE_FAMILY = "1,2";
				TEST_TARGET_NAME = signavi;
			};
			name = Release;
		};
/* End XCBuildConfiguration section */

/* Begin XCConfigurationList section */
		391DA6692CF5B0A4007DF9C8 /* Build configuration list for PBXProject "signavi" */ = {
			isa = XCConfigurationList;
			buildConfigurations = (
				391DA6902CF5B0A7007DF9C8 /* Debug */,
				391DA6912CF5B0A7007DF9C8 /* Release */,
			);
			defaultConfigurationIsVisible = 0;
			defaultConfigurationName = Release;
		};
		391DA6922CF5B0A7007DF9C8 /* Build configuration list for PBXNativeTarget "signavi" */ = {
			isa = XCConfigurationList;
			buildConfigurations = (
				391DA6932CF5B0A7007DF9C8 /* Debug */,
				391DA6942CF5B0A7007DF9C8 /* Release */,
			);
			defaultConfigurationIsVisible = 0;
			defaultConfigurationName = Release;
		};
		391DA6952CF5B0A7007DF9C8 /* Build configuration list for PBXNativeTarget "signaviTests" */ = {
			isa = XCConfigurationList;
			buildConfigurations = (
				391DA6962CF5B0A7007DF9C8 /* Debug */,
				391DA6972CF5B0A7007DF9C8 /* Release */,
			);
			defaultConfigurationIsVisible = 0;
			defaultConfigurationName = Release;
		};
		391DA6982CF5B0A7007DF9C8 /* Build configuration list for PBXNativeTarget "signaviUITests" */ = {
			isa = XCConfigurationList;
			buildConfigurations = (
				391DA6992CF5B0A7007DF9C8 /* Debug */,
				391DA69A2CF5B0A7007DF9C8 /* Release */,
			);
			defaultConfigurationIsVisible = 0;
			defaultConfigurationName = Release;
		};
/* End XCConfigurationList section */
	};
	rootObject = 391DA6662CF5B0A4007DF9C8 /* Project object */;
}
