// !$*UTF8*$!
{
	archiveVersion = 1;
	classes = {
	};
	objectVersion = 77;
	objects = {

/* Begin PBXContainerItemProxy section */
		ED5CC7362CEC632E00BFE596 /* PBXContainerItemProxy */ = {
			isa = PBXContainerItemProxy;
			containerPortal = ED5CC71D2CEC632C00BFE596 /* Project object */;
			proxyType = 1;
			remoteGlobalIDString = ED5CC7242CEC632C00BFE596;
			remoteInfo = signavi;
		};
		ED5CC7402CEC632E00BFE596 /* PBXContainerItemProxy */ = {
			isa = PBXContainerItemProxy;
			containerPortal = ED5CC71D2CEC632C00BFE596 /* Project object */;
			proxyType = 1;
			remoteGlobalIDString = ED5CC7242CEC632C00BFE596;
			remoteInfo = signavi;
		};
/* End PBXContainerItemProxy section */

/* Begin PBXFileReference section */
		ED5CC7252CEC632C00BFE596 /* signavi.app */ = {isa = PBXFileReference; explicitFileType = wrapper.application; includeInIndex = 0; path = signavi.app; sourceTree = BUILT_PRODUCTS_DIR; };
		ED5CC7352CEC632E00BFE596 /* signaviTests.xctest */ = {isa = PBXFileReference; explicitFileType = wrapper.cfbundle; includeInIndex = 0; path = signaviTests.xctest; sourceTree = BUILT_PRODUCTS_DIR; };
		ED5CC73F2CEC632E00BFE596 /* signaviUITests.xctest */ = {isa = PBXFileReference; explicitFileType = wrapper.cfbundle; includeInIndex = 0; path = signaviUITests.xctest; sourceTree = BUILT_PRODUCTS_DIR; };
/* End PBXFileReference section */

/* Begin PBXFileSystemSynchronizedRootGroup section */
		ED5CC7272CEC632C00BFE596 /* signavi */ = {
			isa = PBXFileSystemSynchronizedRootGroup;
			path = signavi;
			sourceTree = "<group>";
		};
		ED5CC7382CEC632E00BFE596 /* signaviTests */ = {
			isa = PBXFileSystemSynchronizedRootGroup;
			path = signaviTests;
			sourceTree = "<group>";
		};
		ED5CC7422CEC632E00BFE596 /* signaviUITests */ = {
			isa = PBXFileSystemSynchronizedRootGroup;
			path = signaviUITests;
			sourceTree = "<group>";
		};
/* End PBXFileSystemSynchronizedRootGroup section */

/* Begin PBXFrameworksBuildPhase section */
		ED5CC7222CEC632C00BFE596 /* Frameworks */ = {
			isa = PBXFrameworksBuildPhase;
			buildActionMask = 2147483647;
			files = (
			);
			runOnlyForDeploymentPostprocessing = 0;
		};
		ED5CC7322CEC632E00BFE596 /* Frameworks */ = {
			isa = PBXFrameworksBuildPhase;
			buildActionMask = 2147483647;
			files = (
			);
			runOnlyForDeploymentPostprocessing = 0;
		};
		ED5CC73C2CEC632E00BFE596 /* Frameworks */ = {
			isa = PBXFrameworksBuildPhase;
			buildActionMask = 2147483647;
			files = (
			);
			runOnlyForDeploymentPostprocessing = 0;
		};
/* End PBXFrameworksBuildPhase section */

/* Begin PBXGroup section */
		ED5CC71C2CEC632C00BFE596 = {
			isa = PBXGroup;
			children = (
				ED5CC7272CEC632C00BFE596 /* signavi */,
				ED5CC7382CEC632E00BFE596 /* signaviTests */,
				ED5CC7422CEC632E00BFE596 /* signaviUITests */,
				ED5CC7262CEC632C00BFE596 /* Products */,
			);
			sourceTree = "<group>";
		};
		ED5CC7262CEC632C00BFE596 /* Products */ = {
			isa = PBXGroup;
			children = (
				ED5CC7252CEC632C00BFE596 /* signavi.app */,
				ED5CC7352CEC632E00BFE596 /* signaviTests.xctest */,
				ED5CC73F2CEC632E00BFE596 /* signaviUITests.xctest */,
			);
			name = Products;
			sourceTree = "<group>";
		};
/* End PBXGroup section */

/* Begin PBXNativeTarget section */
		ED5CC7242CEC632C00BFE596 /* signavi */ = {
			isa = PBXNativeTarget;
			buildConfigurationList = ED5CC7492CEC632E00BFE596 /* Build configuration list for PBXNativeTarget "signavi" */;
			buildPhases = (
				ED5CC7212CEC632C00BFE596 /* Sources */,
				ED5CC7222CEC632C00BFE596 /* Frameworks */,
				ED5CC7232CEC632C00BFE596 /* Resources */,
			);
			buildRules = (
			);
			dependencies = (
			);
			fileSystemSynchronizedGroups = (
				ED5CC7272CEC632C00BFE596 /* signavi */,
			);
			name = signavi;
			packageProductDependencies = (
			);
			productName = signavi;
			productReference = ED5CC7252CEC632C00BFE596 /* signavi.app */;
			productType = "com.apple.product-type.application";
		};
		ED5CC7342CEC632E00BFE596 /* signaviTests */ = {
			isa = PBXNativeTarget;
			buildConfigurationList = ED5CC74C2CEC632E00BFE596 /* Build configuration list for PBXNativeTarget "signaviTests" */;
			buildPhases = (
				ED5CC7312CEC632E00BFE596 /* Sources */,
				ED5CC7322CEC632E00BFE596 /* Frameworks */,
				ED5CC7332CEC632E00BFE596 /* Resources */,
			);
			buildRules = (
			);
			dependencies = (
				ED5CC7372CEC632E00BFE596 /* PBXTargetDependency */,
			);
			fileSystemSynchronizedGroups = (
				ED5CC7382CEC632E00BFE596 /* signaviTests */,
			);
			name = signaviTests;
			packageProductDependencies = (
			);
			productName = signaviTests;
			productReference = ED5CC7352CEC632E00BFE596 /* signaviTests.xctest */;
			productType = "com.apple.product-type.bundle.unit-test";
		};
		ED5CC73E2CEC632E00BFE596 /* signaviUITests */ = {
			isa = PBXNativeTarget;
			buildConfigurationList = ED5CC74F2CEC632E00BFE596 /* Build configuration list for PBXNativeTarget "signaviUITests" */;
			buildPhases = (
				ED5CC73B2CEC632E00BFE596 /* Sources */,
				ED5CC73C2CEC632E00BFE596 /* Frameworks */,
				ED5CC73D2CEC632E00BFE596 /* Resources */,
			);
			buildRules = (
			);
			dependencies = (
				ED5CC7412CEC632E00BFE596 /* PBXTargetDependency */,
			);
			fileSystemSynchronizedGroups = (
				ED5CC7422CEC632E00BFE596 /* signaviUITests */,
			);
			name = signaviUITests;
			packageProductDependencies = (
			);
			productName = signaviUITests;
			productReference = ED5CC73F2CEC632E00BFE596 /* signaviUITests.xctest */;
			productType = "com.apple.product-type.bundle.ui-testing";
		};
/* End PBXNativeTarget section */

/* Begin PBXProject section */
		ED5CC71D2CEC632C00BFE596 /* Project object */ = {
			isa = PBXProject;
			attributes = {
				BuildIndependentTargetsInParallel = 1;
				LastSwiftUpdateCheck = 1610;
				LastUpgradeCheck = 1610;
				TargetAttributes = {
					ED5CC7242CEC632C00BFE596 = {
						CreatedOnToolsVersion = 16.1;
					};
					ED5CC7342CEC632E00BFE596 = {
						CreatedOnToolsVersion = 16.1;
						TestTargetID = ED5CC7242CEC632C00BFE596;
					};
					ED5CC73E2CEC632E00BFE596 = {
						CreatedOnToolsVersion = 16.1;
						TestTargetID = ED5CC7242CEC632C00BFE596;
					};
				};
			};
			buildConfigurationList = ED5CC7202CEC632C00BFE596 /* Build configuration list for PBXProject "signavi" */;
			developmentRegion = en;
			hasScannedForEncodings = 0;
			knownRegions = (
				en,
				Base,
			);
			mainGroup = ED5CC71C2CEC632C00BFE596;
			minimizedProjectReferenceProxies = 1;
			preferredProjectObjectVersion = 77;
			productRefGroup = ED5CC7262CEC632C00BFE596 /* Products */;
			projectDirPath = "";
			projectRoot = "";
			targets = (
				ED5CC7242CEC632C00BFE596 /* signavi */,
				ED5CC7342CEC632E00BFE596 /* signaviTests */,
				ED5CC73E2CEC632E00BFE596 /* signaviUITests */,
			);
		};
/* End PBXProject section */

/* Begin PBXResourcesBuildPhase section */
		ED5CC7232CEC632C00BFE596 /* Resources */ = {
			isa = PBXResourcesBuildPhase;
			buildActionMask = 2147483647;
			files = (
			);
			runOnlyForDeploymentPostprocessing = 0;
		};
		ED5CC7332CEC632E00BFE596 /* Resources */ = {
			isa = PBXResourcesBuildPhase;
			buildActionMask = 2147483647;
			files = (
			);
			runOnlyForDeploymentPostprocessing = 0;
		};
		ED5CC73D2CEC632E00BFE596 /* Resources */ = {
			isa = PBXResourcesBuildPhase;
			buildActionMask = 2147483647;
			files = (
			);
			runOnlyForDeploymentPostprocessing = 0;
		};
/* End PBXResourcesBuildPhase section */

/* Begin PBXSourcesBuildPhase section */
		ED5CC7212CEC632C00BFE596 /* Sources */ = {
			isa = PBXSourcesBuildPhase;
			buildActionMask = 2147483647;
			files = (
			);
			runOnlyForDeploymentPostprocessing = 0;
		};
		ED5CC7312CEC632E00BFE596 /* Sources */ = {
			isa = PBXSourcesBuildPhase;
			buildActionMask = 2147483647;
			files = (
			);
			runOnlyForDeploymentPostprocessing = 0;
		};
		ED5CC73B2CEC632E00BFE596 /* Sources */ = {
			isa = PBXSourcesBuildPhase;
			buildActionMask = 2147483647;
			files = (
			);
			runOnlyForDeploymentPostprocessing = 0;
		};
/* End PBXSourcesBuildPhase section */

/* Begin PBXTargetDependency section */
		ED5CC7372CEC632E00BFE596 /* PBXTargetDependency */ = {
			isa = PBXTargetDependency;
			target = ED5CC7242CEC632C00BFE596 /* signavi */;
			targetProxy = ED5CC7362CEC632E00BFE596 /* PBXContainerItemProxy */;
		};
		ED5CC7412CEC632E00BFE596 /* PBXTargetDependency */ = {
			isa = PBXTargetDependency;
			target = ED5CC7242CEC632C00BFE596 /* signavi */;
			targetProxy = ED5CC7402CEC632E00BFE596 /* PBXContainerItemProxy */;
		};
/* End PBXTargetDependency section */

/* Begin XCBuildConfiguration section */
		ED5CC7472CEC632E00BFE596 /* Debug */ = {
			isa = XCBuildConfiguration;
			buildSettings = {
				ALWAYS_SEARCH_USER_PATHS = NO;
				ASSETCATALOG_COMPILER_GENERATE_SWIFT_ASSET_SYMBOL_EXTENSIONS = YES;
				CLANG_ANALYZER_NONNULL = YES;
				CLANG_ANALYZER_NUMBER_OBJECT_CONVERSION = YES_AGGRESSIVE;
				CLANG_CXX_LANGUAGE_STANDARD = "gnu++20";
				CLANG_ENABLE_MODULES = YES;
				CLANG_ENABLE_OBJC_ARC = YES;
				CLANG_ENABLE_OBJC_WEAK = YES;
				CLANG_WARN_BLOCK_CAPTURE_AUTORELEASING = YES;
				CLANG_WARN_BOOL_CONVERSION = YES;
				CLANG_WARN_COMMA = YES;
				CLANG_WARN_CONSTANT_CONVERSION = YES;
				CLANG_WARN_DEPRECATED_OBJC_IMPLEMENTATIONS = YES;
				CLANG_WARN_DIRECT_OBJC_ISA_USAGE = YES_ERROR;
				CLANG_WARN_DOCUMENTATION_COMMENTS = YES;
				CLANG_WARN_EMPTY_BODY = YES;
				CLANG_WARN_ENUM_CONVERSION = YES;
				CLANG_WARN_INFINITE_RECURSION = YES;
				CLANG_WARN_INT_CONVERSION = YES;
				CLANG_WARN_NON_LITERAL_NULL_CONVERSION = YES;
				CLANG_WARN_OBJC_IMPLICIT_RETAIN_SELF = YES;
				CLANG_WARN_OBJC_LITERAL_CONVERSION = YES;
				CLANG_WARN_OBJC_ROOT_CLASS = YES_ERROR;
				CLANG_WARN_QUOTED_INCLUDE_IN_FRAMEWORK_HEADER = YES;
				CLANG_WARN_RANGE_LOOP_ANALYSIS = YES;
				CLANG_WARN_STRICT_PROTOTYPES = YES;
				CLANG_WARN_SUSPICIOUS_MOVE = YES;
				CLANG_WARN_UNGUARDED_AVAILABILITY = YES_AGGRESSIVE;
				CLANG_WARN_UNREACHABLE_CODE = YES;
				CLANG_WARN__DUPLICATE_METHOD_MATCH = YES;
				COPY_PHASE_STRIP = NO;
				DEBUG_INFORMATION_FORMAT = dwarf;
				ENABLE_STRICT_OBJC_MSGSEND = YES;
				ENABLE_TESTABILITY = YES;
				ENABLE_USER_SCRIPT_SANDBOXING = YES;
				GCC_C_LANGUAGE_STANDARD = gnu17;
				GCC_DYNAMIC_NO_PIC = NO;
				GCC_NO_COMMON_BLOCKS = YES;
				GCC_OPTIMIZATION_LEVEL = 0;
				GCC_PREPROCESSOR_DEFINITIONS = (
					"DEBUG=1",
					"$(inherited)",
				);
				GCC_WARN_64_TO_32_BIT_CONVERSION = YES;
				GCC_WARN_ABOUT_RETURN_TYPE = YES_ERROR;
				GCC_WARN_UNDECLARED_SELECTOR = YES;
				GCC_WARN_UNINITIALIZED_AUTOS = YES_AGGRESSIVE;
				GCC_WARN_UNUSED_FUNCTION = YES;
				GCC_WARN_UNUSED_VARIABLE = YES;
				IPHONEOS_DEPLOYMENT_TARGET = 18.1;
				LOCALIZATION_PREFERS_STRING_CATALOGS = YES;
				MTL_ENABLE_DEBUG_INFO = INCLUDE_SOURCE;
				MTL_FAST_MATH = YES;
				ONLY_ACTIVE_ARCH = YES;
				SDKROOT = iphoneos;
				SWIFT_ACTIVE_COMPILATION_CONDITIONS = "DEBUG $(inherited)";
				SWIFT_OPTIMIZATION_LEVEL = "-Onone";
			};
			name = Debug;
		};
		ED5CC7482CEC632E00BFE596 /* Release */ = {
			isa = XCBuildConfiguration;
			buildSettings = {
				ALWAYS_SEARCH_USER_PATHS = NO;
				ASSETCATALOG_COMPILER_GENERATE_SWIFT_ASSET_SYMBOL_EXTENSIONS = YES;
				CLANG_ANALYZER_NONNULL = YES;
				CLANG_ANALYZER_NUMBER_OBJECT_CONVERSION = YES_AGGRESSIVE;
				CLANG_CXX_LANGUAGE_STANDARD = "gnu++20";
				CLANG_ENABLE_MODULES = YES;
				CLANG_ENABLE_OBJC_ARC = YES;
				CLANG_ENABLE_OBJC_WEAK = YES;
				CLANG_WARN_BLOCK_CAPTURE_AUTORELEASING = YES;
				CLANG_WARN_BOOL_CONVERSION = YES;
				CLANG_WARN_COMMA = YES;
				CLANG_WARN_CONSTANT_CONVERSION = YES;
				CLANG_WARN_DEPRECATED_OBJC_IMPLEMENTATIONS = YES;
				CLANG_WARN_DIRECT_OBJC_ISA_USAGE = YES_ERROR;
				CLANG_WARN_DOCUMENTATION_COMMENTS = YES;
				CLANG_WARN_EMPTY_BODY = YES;
				CLANG_WARN_ENUM_CONVERSION = YES;
				CLANG_WARN_INFINITE_RECURSION = YES;
				CLANG_WARN_INT_CONVERSION = YES;
				CLANG_WARN_NON_LITERAL_NULL_CONVERSION = YES;
				CLANG_WARN_OBJC_IMPLICIT_RETAIN_SELF = YES;
				CLANG_WARN_OBJC_LITERAL_CONVERSION = YES;
				CLANG_WARN_OBJC_ROOT_CLASS = YES_ERROR;
				CLANG_WARN_QUOTED_INCLUDE_IN_FRAMEWORK_HEADER = YES;
				CLANG_WARN_RANGE_LOOP_ANALYSIS = YES;
				CLANG_WARN_STRICT_PROTOTYPES = YES;
				CLANG_WARN_SUSPICIOUS_MOVE = YES;
				CLANG_WARN_UNGUARDED_AVAILABILITY = YES_AGGRESSIVE;
				CLANG_WARN_UNREACHABLE_CODE = YES;
				CLANG_WARN__DUPLICATE_METHOD_MATCH = YES;
				COPY_PHASE_STRIP = NO;
				DEBUG_INFORMATION_FORMAT = "dwarf-with-dsym";
				ENABLE_NS_ASSERTIONS = NO;
				ENABLE_STRICT_OBJC_MSGSEND = YES;
				ENABLE_USER_SCRIPT_SANDBOXING = YES;
				GCC_C_LANGUAGE_STANDARD = gnu17;
				GCC_NO_COMMON_BLOCKS = YES;
				GCC_WARN_64_TO_32_BIT_CONVERSION = YES;
				GCC_WARN_ABOUT_RETURN_TYPE = YES_ERROR;
				GCC_WARN_UNDECLARED_SELECTOR = YES;
				GCC_WARN_UNINITIALIZED_AUTOS = YES_AGGRESSIVE;
				GCC_WARN_UNUSED_FUNCTION = YES;
				GCC_WARN_UNUSED_VARIABLE = YES;
				IPHONEOS_DEPLOYMENT_TARGET = 18.1;
				LOCALIZATION_PREFERS_STRING_CATALOGS = YES;
				MTL_ENABLE_DEBUG_INFO = NO;
				MTL_FAST_MATH = YES;
				SDKROOT = iphoneos;
				SWIFT_COMPILATION_MODE = wholemodule;
				VALIDATE_PRODUCT = YES;
			};
			name = Release;
		};
		ED5CC74A2CEC632E00BFE596 /* Debug */ = {
			isa = XCBuildConfiguration;
			buildSettings = {
				ASSETCATALOG_COMPILER_APPICON_NAME = AppIcon;
				ASSETCATALOG_COMPILER_GLOBAL_ACCENT_COLOR_NAME = AccentColor;
				CODE_SIGN_STYLE = Automatic;
				CURRENT_PROJECT_VERSION = 1;
				DEVELOPMENT_ASSET_PATHS = "\"signavi/Preview Content\"";
				DEVELOPMENT_TEAM = N4BWGU3NP7;
				ENABLE_PREVIEWS = YES;
				GENERATE_INFOPLIST_FILE = YES;
				INFOPLIST_KEY_UIApplicationSceneManifest_Generation = YES;
				INFOPLIST_KEY_UIApplicationSupportsIndirectInputEvents = YES;
				INFOPLIST_KEY_UILaunchScreen_Generation = YES;
				INFOPLIST_KEY_UISupportedInterfaceOrientations_iPad = "UIInterfaceOrientationPortrait UIInterfaceOrientationPortraitUpsideDown UIInterfaceOrientationLandscapeLeft UIInterfaceOrientationLandscapeRight";
				INFOPLIST_KEY_UISupportedInterfaceOrientations_iPhone = "UIInterfaceOrientationPortrait UIInterfaceOrientationLandscapeLeft UIInterfaceOrientationLandscapeRight";
				LD_RUNPATH_SEARCH_PATHS = (
					"$(inherited)",
					"@executable_path/Frameworks",
				);
				MARKETING_VERSION = 1.0;
				PRODUCT_BUNDLE_IDENTIFIER = com.ryukyu.signavi;
				PRODUCT_NAME = "$(TARGET_NAME)";
				SWIFT_EMIT_LOC_STRINGS = YES;
				SWIFT_VERSION = 5.0;
				TARGETED_DEVICE_FAMILY = "1,2";
			};
			name = Debug;
		};
		ED5CC74B2CEC632E00BFE596 /* Release */ = {
			isa = XCBuildConfiguration;
			buildSettings = {
				ASSETCATALOG_COMPILER_APPICON_NAME = AppIcon;
				ASSETCATALOG_COMPILER_GLOBAL_ACCENT_COLOR_NAME = AccentColor;
				CODE_SIGN_STYLE = Automatic;
				CURRENT_PROJECT_VERSION = 1;
				DEVELOPMENT_ASSET_PATHS = "\"signavi/Preview Content\"";
				DEVELOPMENT_TEAM = N4BWGU3NP7;
				ENABLE_PREVIEWS = YES;
				GENERATE_INFOPLIST_FILE = YES;
				INFOPLIST_KEY_UIApplicationSceneManifest_Generation = YES;
				INFOPLIST_KEY_UIApplicationSupportsIndirectInputEvents = YES;
				INFOPLIST_KEY_UILaunchScreen_Generation = YES;
				INFOPLIST_KEY_UISupportedInterfaceOrientations_iPad = "UIInterfaceOrientationPortrait UIInterfaceOrientationPortraitUpsideDown UIInterfaceOrientationLandscapeLeft UIInterfaceOrientationLandscapeRight";
				INFOPLIST_KEY_UISupportedInterfaceOrientations_iPhone = "UIInterfaceOrientationPortrait UIInterfaceOrientationLandscapeLeft UIInterfaceOrientationLandscapeRight";
				LD_RUNPATH_SEARCH_PATHS = (
					"$(inherited)",
					"@executable_path/Frameworks",
				);
				MARKETING_VERSION = 1.0;
				PRODUCT_BUNDLE_IDENTIFIER = com.ryukyu.signavi;
				PRODUCT_NAME = "$(TARGET_NAME)";
				SWIFT_EMIT_LOC_STRINGS = YES;
				SWIFT_VERSION = 5.0;
				TARGETED_DEVICE_FAMILY = "1,2";
			};
			name = Release;
		};
		ED5CC74D2CEC632E00BFE596 /* Debug */ = {
			isa = XCBuildConfiguration;
			buildSettings = {
				BUNDLE_LOADER = "$(TEST_HOST)";
				CODE_SIGN_STYLE = Automatic;
				CURRENT_PROJECT_VERSION = 1;
				DEVELOPMENT_TEAM = N4BWGU3NP7;
				GENERATE_INFOPLIST_FILE = YES;
				IPHONEOS_DEPLOYMENT_TARGET = 18.1;
				MARKETING_VERSION = 1.0;
				PRODUCT_BUNDLE_IDENTIFIER = com.ryukyu.signaviTests;
				PRODUCT_NAME = "$(TARGET_NAME)";
				SWIFT_EMIT_LOC_STRINGS = NO;
				SWIFT_VERSION = 5.0;
				TARGETED_DEVICE_FAMILY = "1,2";
				TEST_HOST = "$(BUILT_PRODUCTS_DIR)/signavi.app/$(BUNDLE_EXECUTABLE_FOLDER_PATH)/signavi";
			};
			name = Debug;
		};
		ED5CC74E2CEC632E00BFE596 /* Release */ = {
			isa = XCBuildConfiguration;
			buildSettings = {
				BUNDLE_LOADER = "$(TEST_HOST)";
				CODE_SIGN_STYLE = Automatic;
				CURRENT_PROJECT_VERSION = 1;
				DEVELOPMENT_TEAM = N4BWGU3NP7;
				GENERATE_INFOPLIST_FILE = YES;
				IPHONEOS_DEPLOYMENT_TARGET = 18.1;
				MARKETING_VERSION = 1.0;
				PRODUCT_BUNDLE_IDENTIFIER = com.ryukyu.signaviTests;
				PRODUCT_NAME = "$(TARGET_NAME)";
				SWIFT_EMIT_LOC_STRINGS = NO;
				SWIFT_VERSION = 5.0;
				TARGETED_DEVICE_FAMILY = "1,2";
				TEST_HOST = "$(BUILT_PRODUCTS_DIR)/signavi.app/$(BUNDLE_EXECUTABLE_FOLDER_PATH)/signavi";
			};
			name = Release;
		};
		ED5CC7502CEC632E00BFE596 /* Debug */ = {
			isa = XCBuildConfiguration;
			buildSettings = {
				CODE_SIGN_STYLE = Automatic;
				CURRENT_PROJECT_VERSION = 1;
				DEVELOPMENT_TEAM = N4BWGU3NP7;
				GENERATE_INFOPLIST_FILE = YES;
				MARKETING_VERSION = 1.0;
				PRODUCT_BUNDLE_IDENTIFIER = com.ryukyu.signaviUITests;
				PRODUCT_NAME = "$(TARGET_NAME)";
				SWIFT_EMIT_LOC_STRINGS = NO;
				SWIFT_VERSION = 5.0;
				TARGETED_DEVICE_FAMILY = "1,2";
				TEST_TARGET_NAME = signavi;
			};
			name = Debug;
		};
		ED5CC7512CEC632E00BFE596 /* Release */ = {
			isa = XCBuildConfiguration;
			buildSettings = {
				CODE_SIGN_STYLE = Automatic;
				CURRENT_PROJECT_VERSION = 1;
				DEVELOPMENT_TEAM = N4BWGU3NP7;
				GENERATE_INFOPLIST_FILE = YES;
				MARKETING_VERSION = 1.0;
				PRODUCT_BUNDLE_IDENTIFIER = com.ryukyu.signaviUITests;
				PRODUCT_NAME = "$(TARGET_NAME)";
				SWIFT_EMIT_LOC_STRINGS = NO;
				SWIFT_VERSION = 5.0;
				TARGETED_DEVICE_FAMILY = "1,2";
				TEST_TARGET_NAME = signavi;
			};
			name = Release;
		};
/* End XCBuildConfiguration section */

/* Begin XCConfigurationList section */
		ED5CC7202CEC632C00BFE596 /* Build configuration list for PBXProject "signavi" */ = {
			isa = XCConfigurationList;
			buildConfigurations = (
				ED5CC7472CEC632E00BFE596 /* Debug */,
				ED5CC7482CEC632E00BFE596 /* Release */,
			);
			defaultConfigurationIsVisible = 0;
			defaultConfigurationName = Release;
		};
		ED5CC7492CEC632E00BFE596 /* Build configuration list for PBXNativeTarget "signavi" */ = {
			isa = XCConfigurationList;
			buildConfigurations = (
				ED5CC74A2CEC632E00BFE596 /* Debug */,
				ED5CC74B2CEC632E00BFE596 /* Release */,
			);
			defaultConfigurationIsVisible = 0;
			defaultConfigurationName = Release;
		};
		ED5CC74C2CEC632E00BFE596 /* Build configuration list for PBXNativeTarget "signaviTests" */ = {
			isa = XCConfigurationList;
			buildConfigurations = (
				ED5CC74D2CEC632E00BFE596 /* Debug */,
				ED5CC74E2CEC632E00BFE596 /* Release */,
			);
			defaultConfigurationIsVisible = 0;
			defaultConfigurationName = Release;
		};
		ED5CC74F2CEC632E00BFE596 /* Build configuration list for PBXNativeTarget "signaviUITests" */ = {
			isa = XCConfigurationList;
			buildConfigurations = (
				ED5CC7502CEC632E00BFE596 /* Debug */,
				ED5CC7512CEC632E00BFE596 /* Release */,
			);
			defaultConfigurationIsVisible = 0;
			defaultConfigurationName = Release;
		};
/* End XCConfigurationList section */
	};
	rootObject = ED5CC71D2CEC632C00BFE596 /* Project object */;
}
